
Microsoft Visual Studio Solution File, Format Version 12.00
# Visual Studio Version 17
VisualStudioVersion = 17.2.32616.157
MinimumVisualStudioVersion = 10.0.40219.1
Project("{FAE04EC0-301F-11D3-BF4B-00C04F79EFBC}") = "MiPrimeraApi", "MiPrimeraApi\MiPrimeraApi.csproj", "{2B20DA90-D84F-406A-90FC-7D454E212919}"
EndProject
Global
	GlobalSection(SolutionConfigurationPlatforms) = preSolution
		Debug|Any CPU = Debug|Any CPU
		Release|Any CPU = Release|Any CPU
	EndGlobalSection
	GlobalSection(ProjectConfigurationPlatforms) = postSolution
		{2B20DA90-D84F-406A-90FC-7D454E212919}.Debug|Any CPU.ActiveCfg = Debug|Any CPU
		{2B20DA90-D84F-406A-90FC-7D454E212919}.Debug|Any CPU.Build.0 = Debug|Any CPU
		{2B20DA90-D84F-406A-90FC-7D454E212919}.Release|Any CPU.ActiveCfg = Release|Any CPU
		{2B20DA90-D84F-406A-90FC-7D454E212919}.Release|Any CPU.Build.0 = Release|Any CPU
	EndGlobalSection
	GlobalSection(SolutionProperties) = preSolution
		HideSolutionNode = FALSE
	EndGlobalSection
	GlobalSection(ExtensibilityGlobals) = postSolution
		SolutionGuid = {E2141096-F4D7-43F1-AD06-45A89CF989A9}
	EndGlobalSection
EndGlobal
